
Microsoft Visual Studio Solution File, Format Version 12.00
# Visual Studio Version 17
VisualStudioVersion = 17.11.35327.3
MinimumVisualStudioVersion = 10.0.40219.1
Project("{9A19103F-16F7-4668-BE54-9A1E7A4F7556}") = "RentACar.Domain", "RentACar.Domain\RentACar.Domain.csproj", "{15F7F4CA-1B59-4E8B-BC6E-E64DDFEB4DEB}"
EndProject
Project("{9A19103F-16F7-4668-BE54-9A1E7A4F7556}") = "RentACar.Application", "RentACar.Application\RentACar.Application.csproj", "{F95D9DB2-35F2-4487-A78D-C274EF1A954D}"
EndProject
Project("{FAE04EC0-301F-11D3-BF4B-00C04F79EFBC}") = "RentACar.Infrastructure", "RentACar.Infrastructure\RentACar.Infrastructure.csproj", "{623453C7-5D50-4F76-97E4-1F70F45D8472}"
EndProject
Project("{FAE04EC0-301F-11D3-BF4B-00C04F79EFBC}") = "RentACar.Api", "RentACar.Api\RentACar.Api.csproj", "{E6997570-03D0-4F84-A875-1F882641CF62}"
EndProject
Global
	GlobalSection(SolutionConfigurationPlatforms) = preSolution
		Debug|Any CPU = Debug|Any CPU
		Release|Any CPU = Release|Any CPU
	EndGlobalSection
	GlobalSection(ProjectConfigurationPlatforms) = postSolution
		{15F7F4CA-1B59-4E8B-BC6E-E64DDFEB4DEB}.Debug|Any CPU.ActiveCfg = Debug|Any CPU
		{15F7F4CA-1B59-4E8B-BC6E-E64DDFEB4DEB}.Debug|Any CPU.Build.0 = Debug|Any CPU
		{15F7F4CA-1B59-4E8B-BC6E-E64DDFEB4DEB}.Release|Any CPU.ActiveCfg = Release|Any CPU
		{15F7F4CA-1B59-4E8B-BC6E-E64DDFEB4DEB}.Release|Any CPU.Build.0 = Release|Any CPU
		{F95D9DB2-35F2-4487-A78D-C274EF1A954D}.Debug|Any CPU.ActiveCfg = Debug|Any CPU
		{F95D9DB2-35F2-4487-A78D-C274EF1A954D}.Debug|Any CPU.Build.0 = Debug|Any CPU
		{F95D9DB2-35F2-4487-A78D-C274EF1A954D}.Release|Any CPU.ActiveCfg = Release|Any CPU
		{F95D9DB2-35F2-4487-A78D-C274EF1A954D}.Release|Any CPU.Build.0 = Release|Any CPU
		{623453C7-5D50-4F76-97E4-1F70F45D8472}.Debug|Any CPU.ActiveCfg = Debug|Any CPU
		{623453C7-5D50-4F76-97E4-1F70F45D8472}.Debug|Any CPU.Build.0 = Debug|Any CPU
		{623453C7-5D50-4F76-97E4-1F70F45D8472}.Release|Any CPU.ActiveCfg = Release|Any CPU
		{623453C7-5D50-4F76-97E4-1F70F45D8472}.Release|Any CPU.Build.0 = Release|Any CPU
		{E6997570-03D0-4F84-A875-1F882641CF62}.Debug|Any CPU.ActiveCfg = Debug|Any CPU
		{E6997570-03D0-4F84-A875-1F882641CF62}.Debug|Any CPU.Build.0 = Debug|Any CPU
		{E6997570-03D0-4F84-A875-1F882641CF62}.Release|Any CPU.ActiveCfg = Release|Any CPU
		{E6997570-03D0-4F84-A875-1F882641CF62}.Release|Any CPU.Build.0 = Release|Any CPU
	EndGlobalSection
	GlobalSection(SolutionProperties) = preSolution
		HideSolutionNode = FALSE
	EndGlobalSection
	GlobalSection(ExtensibilityGlobals) = postSolution
		SolutionGuid = {F8870472-C3E8-4BE5-956F-D793015406BD}
	EndGlobalSection
EndGlobal
